
Microsoft Visual Studio Solution File, Format Version 12.00
# Visual Studio Version 16
VisualStudioVersion = 16.0.30309.148
MinimumVisualStudioVersion = 10.0.40219.1
Project("{FAE04EC0-301F-11D3-BF4B-00C04F79EFBC}") = "Display Usage", "Display Usage.csproj", "{0A7023FF-CED6-4BD3-A138-05E9F00B2DFC}"
EndProject
Global
	GlobalSection(SolutionConfigurationPlatforms) = preSolution
		Debug|Any CPU = Debug|Any CPU
		Release|Any CPU = Release|Any CPU
	EndGlobalSection
	GlobalSection(ProjectConfigurationPlatforms) = postSolution
		{0A7023FF-CED6-4BD3-A138-05E9F00B2DFC}.Debug|Any CPU.ActiveCfg = Debug|Any CPU
		{0A7023FF-CED6-4BD3-A138-05E9F00B2DFC}.Debug|Any CPU.Build.0 = Debug|Any CPU
		{0A7023FF-CED6-4BD3-A138-05E9F00B2DFC}.Release|Any CPU.ActiveCfg = Release|Any CPU
		{0A7023FF-CED6-4BD3-A138-05E9F00B2DFC}.Release|Any CPU.Build.0 = Release|Any CPU
	EndGlobalSection
	GlobalSection(SolutionProperties) = preSolution
		HideSolutionNode = FALSE
	EndGlobalSection
	GlobalSection(ExtensibilityGlobals) = postSolution
		SolutionGuid = {5D30C345-25D1-4195-801C-3BC55254FEE3}
	EndGlobalSection
EndGlobal
